
Microsoft Visual Studio Solution File, Format Version 12.00
# Visual Studio 15
VisualStudioVersion = 15.0.28307.757
MinimumVisualStudioVersion = 10.0.40219.1
Project("{2150E333-8FDC-42A3-9474-1A3956D46DE8}") = "Service", "Service", "{DAE3B178-5E81-4F0A-911B-6DFEC89AEE09}"
EndProject
Project("{2150E333-8FDC-42A3-9474-1A3956D46DE8}") = "Domain", "Domain", "{BD3488C1-BE0E-481F-A07C-D769A365BCD0}"
EndProject
Project("{9A19103F-16F7-4668-BE54-9A1E7A4F7556}") = "SHS.Service", "Service\SHS.Service\SHS.Service.csproj", "{BAB98B79-6DF8-40A5-986A-90A0837D458D}"
EndProject
Project("{2150E333-8FDC-42A3-9474-1A3956D46DE8}") = "Infrastructure", "Infrastructure", "{536BA0EC-18CE-4D69-850F-76DD2B8A47A0}"
EndProject
Project("{2150E333-8FDC-42A3-9474-1A3956D46DE8}") = "AppService", "AppService", "{2F6FFE43-4F37-456B-BD72-8308DD9227F9}"
EndProject
Project("{9A19103F-16F7-4668-BE54-9A1E7A4F7556}") = "SHS.Application", "AppService\SHS.Application\SHS.Application.csproj", "{B0B9B641-749D-4217-8509-4AD8E4C4FAEB}"
EndProject
Project("{9A19103F-16F7-4668-BE54-9A1E7A4F7556}") = "SHS.Domain.Core", "Domain\SHS.Domain.Core\SHS.Domain.Core.csproj", "{13BE8CFC-C7D6-42A4-B442-FF9043728AB7}"
EndProject
Project("{9A19103F-16F7-4668-BE54-9A1E7A4F7556}") = "SHS.Infra.Data", "Infrastructure\SHS.Infra.Data\SHS.Infra.Data.csproj", "{6F7412BF-13F3-4995-925C-58A146F5FB45}"
EndProject
Project("{2150E333-8FDC-42A3-9474-1A3956D46DE8}") = "Test", "Test", "{2F47D297-0347-41D7-BACF-67A8E6B62134}"
EndProject
Project("{9A19103F-16F7-4668-BE54-9A1E7A4F7556}") = "SHS.Infrastructu", "Infrastructure\SHS.Infrastructu\SHS.Infrastructu.csproj", "{4AA74BF4-6E2A-49D0-BF10-E7F1239ACCF9}"
EndProject
Project("{2150E333-8FDC-42A3-9474-1A3956D46DE8}") = "Web", "Web", "{B6CBD248-D1EF-4D30-95AC-5DBCF9D35645}"
EndProject
Project("{9A19103F-16F7-4668-BE54-9A1E7A4F7556}") = "API", "Web\API\API.csproj", "{F5B52D5D-8402-479D-B9C5-DED731237D97}"
EndProject
Project("{9A19103F-16F7-4668-BE54-9A1E7A4F7556}") = "SHS.Domain.Repository", "Domain\SHS.Domain.Repository\SHS.Domain.Repository.csproj", "{1BCE3436-A1FD-42B3-9D6E-ED4DC67FBDBE}"
EndProject
Project("{9A19103F-16F7-4668-BE54-9A1E7A4F7556}") = "SHS.Authorization", "AppService\SHS.Authorization\SHS.Authorization.csproj", "{81E8D5DF-C9D4-4D6C-91AB-8CCA746AFD18}"
EndProject
Project("{FAE04EC0-301F-11D3-BF4B-00C04F79EFBC}") = "XUnitTest", "Test\XUnitTest\XUnitTest.csproj", "{E811395A-666F-47FD-BE11-E35A75134667}"
EndProject
Global
	GlobalSection(SolutionConfigurationPlatforms) = preSolution
		Debug|Any CPU = Debug|Any CPU
		Release|Any CPU = Release|Any CPU
	EndGlobalSection
	GlobalSection(ProjectConfigurationPlatforms) = postSolution
		{BAB98B79-6DF8-40A5-986A-90A0837D458D}.Debug|Any CPU.ActiveCfg = Debug|Any CPU
		{BAB98B79-6DF8-40A5-986A-90A0837D458D}.Debug|Any CPU.Build.0 = Debug|Any CPU
		{BAB98B79-6DF8-40A5-986A-90A0837D458D}.Release|Any CPU.ActiveCfg = Release|Any CPU
		{BAB98B79-6DF8-40A5-986A-90A0837D458D}.Release|Any CPU.Build.0 = Release|Any CPU
		{B0B9B641-749D-4217-8509-4AD8E4C4FAEB}.Debug|Any CPU.ActiveCfg = Debug|Any CPU
		{B0B9B641-749D-4217-8509-4AD8E4C4FAEB}.Debug|Any CPU.Build.0 = Debug|Any CPU
		{B0B9B641-749D-4217-8509-4AD8E4C4FAEB}.Release|Any CPU.ActiveCfg = Release|Any CPU
		{B0B9B641-749D-4217-8509-4AD8E4C4FAEB}.Release|Any CPU.Build.0 = Release|Any CPU
		{13BE8CFC-C7D6-42A4-B442-FF9043728AB7}.Debug|Any CPU.ActiveCfg = Debug|Any CPU
		{13BE8CFC-C7D6-42A4-B442-FF9043728AB7}.Debug|Any CPU.Build.0 = Debug|Any CPU
		{13BE8CFC-C7D6-42A4-B442-FF9043728AB7}.Release|Any CPU.ActiveCfg = Release|Any CPU
		{13BE8CFC-C7D6-42A4-B442-FF9043728AB7}.Release|Any CPU.Build.0 = Release|Any CPU
		{6F7412BF-13F3-4995-925C-58A146F5FB45}.Debug|Any CPU.ActiveCfg = Debug|Any CPU
		{6F7412BF-13F3-4995-925C-58A146F5FB45}.Debug|Any CPU.Build.0 = Debug|Any CPU
		{6F7412BF-13F3-4995-925C-58A146F5FB45}.Release|Any CPU.ActiveCfg = Release|Any CPU
		{6F7412BF-13F3-4995-925C-58A146F5FB45}.Release|Any CPU.Build.0 = Release|Any CPU
		{4AA74BF4-6E2A-49D0-BF10-E7F1239ACCF9}.Debug|Any CPU.ActiveCfg = Debug|Any CPU
		{4AA74BF4-6E2A-49D0-BF10-E7F1239ACCF9}.Debug|Any CPU.Build.0 = Debug|Any CPU
		{4AA74BF4-6E2A-49D0-BF10-E7F1239ACCF9}.Release|Any CPU.ActiveCfg = Release|Any CPU
		{4AA74BF4-6E2A-49D0-BF10-E7F1239ACCF9}.Release|Any CPU.Build.0 = Release|Any CPU
		{F5B52D5D-8402-479D-B9C5-DED731237D97}.Debug|Any CPU.ActiveCfg = Debug|Any CPU
		{F5B52D5D-8402-479D-B9C5-DED731237D97}.Debug|Any CPU.Build.0 = Debug|Any CPU
		{F5B52D5D-8402-479D-B9C5-DED731237D97}.Release|Any CPU.ActiveCfg = Release|Any CPU
		{F5B52D5D-8402-479D-B9C5-DED731237D97}.Release|Any CPU.Build.0 = Release|Any CPU
		{1BCE3436-A1FD-42B3-9D6E-ED4DC67FBDBE}.Debug|Any CPU.ActiveCfg = Debug|Any CPU
		{1BCE3436-A1FD-42B3-9D6E-ED4DC67FBDBE}.Debug|Any CPU.Build.0 = Debug|Any CPU
		{1BCE3436-A1FD-42B3-9D6E-ED4DC67FBDBE}.Release|Any CPU.ActiveCfg = Release|Any CPU
		{1BCE3436-A1FD-42B3-9D6E-ED4DC67FBDBE}.Release|Any CPU.Build.0 = Release|Any CPU
		{81E8D5DF-C9D4-4D6C-91AB-8CCA746AFD18}.Debug|Any CPU.ActiveCfg = Debug|Any CPU
		{81E8D5DF-C9D4-4D6C-91AB-8CCA746AFD18}.Debug|Any CPU.Build.0 = Debug|Any CPU
		{81E8D5DF-C9D4-4D6C-91AB-8CCA746AFD18}.Release|Any CPU.ActiveCfg = Release|Any CPU
		{81E8D5DF-C9D4-4D6C-91AB-8CCA746AFD18}.Release|Any CPU.Build.0 = Release|Any CPU
		{E811395A-666F-47FD-BE11-E35A75134667}.Debug|Any CPU.ActiveCfg = Debug|Any CPU
		{E811395A-666F-47FD-BE11-E35A75134667}.Debug|Any CPU.Build.0 = Debug|Any CPU
		{E811395A-666F-47FD-BE11-E35A75134667}.Release|Any CPU.ActiveCfg = Release|Any CPU
		{E811395A-666F-47FD-BE11-E35A75134667}.Release|Any CPU.Build.0 = Release|Any CPU
	EndGlobalSection
	GlobalSection(SolutionProperties) = preSolution
		HideSolutionNode = FALSE
	EndGlobalSection
	GlobalSection(NestedProjects) = preSolution
		{BAB98B79-6DF8-40A5-986A-90A0837D458D} = {DAE3B178-5E81-4F0A-911B-6DFEC89AEE09}
		{B0B9B641-749D-4217-8509-4AD8E4C4FAEB} = {2F6FFE43-4F37-456B-BD72-8308DD9227F9}
		{13BE8CFC-C7D6-42A4-B442-FF9043728AB7} = {BD3488C1-BE0E-481F-A07C-D769A365BCD0}
		{6F7412BF-13F3-4995-925C-58A146F5FB45} = {536BA0EC-18CE-4D69-850F-76DD2B8A47A0}
		{4AA74BF4-6E2A-49D0-BF10-E7F1239ACCF9} = {536BA0EC-18CE-4D69-850F-76DD2B8A47A0}
		{F5B52D5D-8402-479D-B9C5-DED731237D97} = {B6CBD248-D1EF-4D30-95AC-5DBCF9D35645}
		{1BCE3436-A1FD-42B3-9D6E-ED4DC67FBDBE} = {BD3488C1-BE0E-481F-A07C-D769A365BCD0}
		{81E8D5DF-C9D4-4D6C-91AB-8CCA746AFD18} = {2F6FFE43-4F37-456B-BD72-8308DD9227F9}
		{E811395A-666F-47FD-BE11-E35A75134667} = {2F47D297-0347-41D7-BACF-67A8E6B62134}
	EndGlobalSection
	GlobalSection(ExtensibilityGlobals) = postSolution
		SolutionGuid = {A5FBD11E-848E-48BF-9BAD-D1A69DAFC628}
	EndGlobalSection
EndGlobal
